Microsoft Visual Studio Solution File, Format Version 12.00
# Visual Studio Version 17
VisualStudioVersion = 17.5.2.0
MinimumVisualStudioVersion = 10.0.40219.1
Project("{FAE04EC0-301F-11D3-BF4B-00C04F79EFBC}") = "SettingsFileUpdater", "SettingsFileUpdater.csproj", "{7C131186-65E9-019A-1FE2-741FF242B780}"
EndProject
Global
	GlobalSection(SolutionConfigurationPlatforms) = preSolution
		Debug|Any CPU = Debug|Any CPU
		Release|Any CPU = Release|Any CPU
	EndGlobalSection
	GlobalSection(ProjectConfigurationPlatforms) = postSolution
		{7C131186-65E9-019A-1FE2-741FF242B780}.Debug|Any CPU.ActiveCfg = Debug|Any CPU
		{7C131186-65E9-019A-1FE2-741FF242B780}.Debug|Any CPU.Build.0 = Debug|Any CPU
		{7C131186-65E9-019A-1FE2-741FF242B780}.Release|Any CPU.ActiveCfg = Release|Any CPU
		{7C131186-65E9-019A-1FE2-741FF242B780}.Release|Any CPU.Build.0 = Release|Any CPU
	EndGlobalSection
	GlobalSection(SolutionProperties) = preSolution
		HideSolutionNode = FALSE
	EndGlobalSection
	GlobalSection(ExtensibilityGlobals) = postSolution
		SolutionGuid = {B58E4295-CC17-4DC3-BA10-A1C38644B5EC}
	EndGlobalSection
EndGlobal
