
Microsoft Visual Studio Solution File, Format Version 11.00
# Visual Studio 2010
Project("{FAE04EC0-301F-11D3-BF4B-00C04F79EFBC}") = "TerrariaMapEditor", "TerrariaEdit\TerrariaMapEditor.csproj", "{5C222BFA-A8FE-4F28-896B-4B57FCD414D0}"
EndProject
Project("{FAE04EC0-301F-11D3-BF4B-00C04F79EFBC}") = "TerrariaWorld", "TerrariaWorld\TerrariaWorld.csproj", "{C68B427B-8FAB-4B88-8BCD-BCFEC89B5F8D}"
EndProject
Project("{2150E333-8FDC-42A3-9474-1A3956D46DE8}") = "Solution Items", "Solution Items", "{AA191A3D-8D80-4320-9F0A-5F346A52F15D}"
	ProjectSection(SolutionItems) = preProject
		README = README
	EndProjectSection
EndProject
Global
	GlobalSection(SolutionConfigurationPlatforms) = preSolution
		Debug|Any CPU = Debug|Any CPU
		Debug|Mixed Platforms = Debug|Mixed Platforms
		Debug|x86 = Debug|x86
		Release|Any CPU = Release|Any CPU
		Release|Mixed Platforms = Release|Mixed Platforms
		Release|x86 = Release|x86
	EndGlobalSection
	GlobalSection(ProjectConfigurationPlatforms) = postSolution
		{5C222BFA-A8FE-4F28-896B-4B57FCD414D0}.Debug|Any CPU.ActiveCfg = Debug|x86
		{5C222BFA-A8FE-4F28-896B-4B57FCD414D0}.Debug|Mixed Platforms.ActiveCfg = Debug|x86
		{5C222BFA-A8FE-4F28-896B-4B57FCD414D0}.Debug|Mixed Platforms.Build.0 = Debug|x86
		{5C222BFA-A8FE-4F28-896B-4B57FCD414D0}.Debug|x86.ActiveCfg = Debug|x86
		{5C222BFA-A8FE-4F28-896B-4B57FCD414D0}.Debug|x86.Build.0 = Debug|x86
		{5C222BFA-A8FE-4F28-896B-4B57FCD414D0}.Release|Any CPU.ActiveCfg = Release|x86
		{5C222BFA-A8FE-4F28-896B-4B57FCD414D0}.Release|Mixed Platforms.ActiveCfg = Release|x86
		{5C222BFA-A8FE-4F28-896B-4B57FCD414D0}.Release|Mixed Platforms.Build.0 = Release|x86
		{5C222BFA-A8FE-4F28-896B-4B57FCD414D0}.Release|x86.ActiveCfg = Release|x86
		{5C222BFA-A8FE-4F28-896B-4B57FCD414D0}.Release|x86.Build.0 = Release|x86
		{C68B427B-8FAB-4B88-8BCD-BCFEC89B5F8D}.Debug|Any CPU.ActiveCfg = Debug|Any CPU
		{C68B427B-8FAB-4B88-8BCD-BCFEC89B5F8D}.Debug|Any CPU.Build.0 = Debug|Any CPU
		{C68B427B-8FAB-4B88-8BCD-BCFEC89B5F8D}.Debug|Mixed Platforms.ActiveCfg = Debug|Any CPU
		{C68B427B-8FAB-4B88-8BCD-BCFEC89B5F8D}.Debug|Mixed Platforms.Build.0 = Debug|Any CPU
		{C68B427B-8FAB-4B88-8BCD-BCFEC89B5F8D}.Debug|x86.ActiveCfg = Debug|Any CPU
		{C68B427B-8FAB-4B88-8BCD-BCFEC89B5F8D}.Release|Any CPU.ActiveCfg = Release|Any CPU
		{C68B427B-8FAB-4B88-8BCD-BCFEC89B5F8D}.Release|Any CPU.Build.0 = Release|Any CPU
		{C68B427B-8FAB-4B88-8BCD-BCFEC89B5F8D}.Release|Mixed Platforms.ActiveCfg = Release|Any CPU
		{C68B427B-8FAB-4B88-8BCD-BCFEC89B5F8D}.Release|Mixed Platforms.Build.0 = Release|Any CPU
		{C68B427B-8FAB-4B88-8BCD-BCFEC89B5F8D}.Release|x86.ActiveCfg = Release|Any CPU
	EndGlobalSection
	GlobalSection(SolutionProperties) = preSolution
		HideSolutionNode = FALSE
	EndGlobalSection
EndGlobal
