
Microsoft Visual Studio Solution File, Format Version 12.00
# Visual Studio 14
VisualStudioVersion = 14.0.24720.0
MinimumVisualStudioVersion = 10.0.40219.1
Project("{FAE04EC0-301F-11D3-BF4B-00C04F79EFBC}") = "TEditXna", "TEditXna\TEditXna.csproj", "{62D9688B-DB6F-44A9-A4E9-FDF197642C00}"
EndProject
Project("{930C7802-8A8C-48F9-8165-68863BCCD9DD}") = "TEdit3Installer", "TEdit3Installer\TEdit3Installer.wixproj", "{74EDDA17-587C-4BA6-B6B1-F8E9417A52E3}"
EndProject
Global
	GlobalSection(SolutionConfigurationPlatforms) = preSolution
		Debug|Any CPU = Debug|Any CPU
		Debug|Mixed Platforms = Debug|Mixed Platforms
		Debug|x86 = Debug|x86
		Release|Any CPU = Release|Any CPU
		Release|Mixed Platforms = Release|Mixed Platforms
		Release|x86 = Release|x86
	EndGlobalSection
	GlobalSection(ProjectConfigurationPlatforms) = postSolution
		{62D9688B-DB6F-44A9-A4E9-FDF197642C00}.Debug|Any CPU.ActiveCfg = Debug|Any CPU
		{62D9688B-DB6F-44A9-A4E9-FDF197642C00}.Debug|Any CPU.Build.0 = Debug|Any CPU
		{62D9688B-DB6F-44A9-A4E9-FDF197642C00}.Debug|Mixed Platforms.ActiveCfg = Debug|Any CPU
		{62D9688B-DB6F-44A9-A4E9-FDF197642C00}.Debug|Mixed Platforms.Build.0 = Debug|Any CPU
		{62D9688B-DB6F-44A9-A4E9-FDF197642C00}.Debug|x86.ActiveCfg = Debug|Any CPU
		{62D9688B-DB6F-44A9-A4E9-FDF197642C00}.Debug|x86.Build.0 = Debug|Any CPU
		{62D9688B-DB6F-44A9-A4E9-FDF197642C00}.Release|Any CPU.ActiveCfg = Release|Any CPU
		{62D9688B-DB6F-44A9-A4E9-FDF197642C00}.Release|Any CPU.Build.0 = Release|Any CPU
		{62D9688B-DB6F-44A9-A4E9-FDF197642C00}.Release|Mixed Platforms.ActiveCfg = Release|Any CPU
		{62D9688B-DB6F-44A9-A4E9-FDF197642C00}.Release|Mixed Platforms.Build.0 = Release|Any CPU
		{62D9688B-DB6F-44A9-A4E9-FDF197642C00}.Release|x86.ActiveCfg = Release|Any CPU
		{62D9688B-DB6F-44A9-A4E9-FDF197642C00}.Release|x86.Build.0 = Release|Any CPU
		{74EDDA17-587C-4BA6-B6B1-F8E9417A52E3}.Debug|Any CPU.ActiveCfg = Debug|x86
		{74EDDA17-587C-4BA6-B6B1-F8E9417A52E3}.Debug|Mixed Platforms.ActiveCfg = Debug|x86
		{74EDDA17-587C-4BA6-B6B1-F8E9417A52E3}.Debug|x86.ActiveCfg = Debug|x86
		{74EDDA17-587C-4BA6-B6B1-F8E9417A52E3}.Debug|x86.Build.0 = Debug|x86
		{74EDDA17-587C-4BA6-B6B1-F8E9417A52E3}.Release|Any CPU.ActiveCfg = Release|x86
		{74EDDA17-587C-4BA6-B6B1-F8E9417A52E3}.Release|Mixed Platforms.ActiveCfg = Release|x86
		{74EDDA17-587C-4BA6-B6B1-F8E9417A52E3}.Release|Mixed Platforms.Build.0 = Release|x86
		{74EDDA17-587C-4BA6-B6B1-F8E9417A52E3}.Release|x86.ActiveCfg = Release|x86
		{74EDDA17-587C-4BA6-B6B1-F8E9417A52E3}.Release|x86.Build.0 = Release|x86
	EndGlobalSection
	GlobalSection(SolutionProperties) = preSolution
		HideSolutionNode = FALSE
	EndGlobalSection
	GlobalSection(TestCaseManagementSettings) = postSolution
		CategoryFile = TEdit.vsmdi
	EndGlobalSection
EndGlobal
