
Microsoft Visual Studio Solution File, Format Version 12.00
# Visual Studio Version 17
VisualStudioVersion = 17.5.002.0
MinimumVisualStudioVersion = 10.0.40219.1
Project("{9A19103F-16F7-4668-BE54-9A1E7A4F7556}") = "TEdit", "TEdit.csproj", "{3BE5338A-D351-42FE-AD29-2DB22448B261}"
EndProject
Global
	GlobalSection(SolutionConfigurationPlatforms) = preSolution
		Debug|Any CPU = Debug|Any CPU
		Release|Any CPU = Release|Any CPU
	EndGlobalSection
	GlobalSection(ProjectConfigurationPlatforms) = postSolution
		{3BE5338A-D351-42FE-AD29-2DB22448B261}.Debug|Any CPU.ActiveCfg = Debug|Any CPU
		{3BE5338A-D351-42FE-AD29-2DB22448B261}.Debug|Any CPU.Build.0 = Debug|Any CPU
		{3BE5338A-D351-42FE-AD29-2DB22448B261}.Release|Any CPU.ActiveCfg = Release|Any CPU
		{3BE5338A-D351-42FE-AD29-2DB22448B261}.Release|Any CPU.Build.0 = Release|Any CPU
	EndGlobalSection
	GlobalSection(SolutionProperties) = preSolution
		HideSolutionNode = FALSE
	EndGlobalSection
	GlobalSection(ExtensibilityGlobals) = postSolution
		SolutionGuid = {0FC1E4EC-C21F-4C8B-9AC8-57749308FD9A}
	EndGlobalSection
EndGlobal
