
Microsoft Visual Studio Solution File, Format Version 12.00
# Visual Studio Version 16
VisualStudioVersion = 16.0.30330.147
MinimumVisualStudioVersion = 10.0.40219.1
Project("{FAE04EC0-301F-11D3-BF4B-00C04F79EFBC}") = "LanguageEditor", "LanguageEditor\LanguageEditor.csproj", "{B09D8870-A142-4DB5-A8EB-190E90B70050}"
EndProject
Global
	GlobalSection(SolutionConfigurationPlatforms) = preSolution
		Debug|Any CPU = Debug|Any CPU
		Release|Any CPU = Release|Any CPU
	EndGlobalSection
	GlobalSection(ProjectConfigurationPlatforms) = postSolution
		{B09D8870-A142-4DB5-A8EB-190E90B70050}.Debug|Any CPU.ActiveCfg = Debug|Any CPU
		{B09D8870-A142-4DB5-A8EB-190E90B70050}.Debug|Any CPU.Build.0 = Debug|Any CPU
		{B09D8870-A142-4DB5-A8EB-190E90B70050}.Release|Any CPU.ActiveCfg = Release|Any CPU
		{B09D8870-A142-4DB5-A8EB-190E90B70050}.Release|Any CPU.Build.0 = Release|Any CPU
	EndGlobalSection
	GlobalSection(SolutionProperties) = preSolution
		HideSolutionNode = FALSE
	EndGlobalSection
	GlobalSection(ExtensibilityGlobals) = postSolution
		SolutionGuid = {8AA9469B-C6F1-42A2-A0D9-A1C7F75C262B}
	EndGlobalSection
EndGlobal
