
Microsoft Visual Studio Solution File, Format Version 12.00
# Visual Studio Version 17
VisualStudioVersion = 17.3.32804.467
MinimumVisualStudioVersion = 10.0.40219.1
Project("{9A19103F-16F7-4668-BE54-9A1E7A4F7556}") = "TEdit", "TEdit\TEdit.csproj", "{5B1378EE-D41E-40C4-9C2B-C5877039C85C}"
EndProject
Project("{9A19103F-16F7-4668-BE54-9A1E7A4F7556}") = "SettingsFileUpdater", "SettingsFileUpdater\SettingsFileUpdater.csproj", "{7F36653F-68C7-4D5C-A88A-6279DBE8A0C8}"
EndProject
Project("{9A19103F-16F7-4668-BE54-9A1E7A4F7556}") = "TEdit.Tests", "TEdit.Tests\TEdit.Tests.csproj", "{DB15668D-151F-40C7-9F1A-682AD503F8D2}"
EndProject
Project("{2150E333-8FDC-42A3-9474-1A3956D46DE8}") = "Solution Items", "Solution Items", "{BF790973-1C76-498F-A677-4C8A71BCFCA9}"
	ProjectSection(SolutionItems) = preProject
		..\.editorconfig = ..\.editorconfig
		..\build.ps1 = ..\build.ps1
	EndProjectSection
EndProject
Project("{9A19103F-16F7-4668-BE54-9A1E7A4F7556}") = "TEdit.Configuration", "TEdit.Configuration\TEdit.Configuration.csproj", "{C3C86CC2-E1E9-44DE-9E40-AD87B678833F}"
EndProject
Project("{9A19103F-16F7-4668-BE54-9A1E7A4F7556}") = "TEdit.Terraria", "TEdit.Terraria\TEdit.Terraria.csproj", "{C5BEF775-1CE6-41A5-96C1-49556EE45F22}"
EndProject
Project("{9A19103F-16F7-4668-BE54-9A1E7A4F7556}") = "TEdit.Common", "TEdit.Common\TEdit.Common.csproj", "{4F7D8CE2-ABF8-4A15-ABA0-5A7B2E77FE1A}"
EndProject
Project("{9A19103F-16F7-4668-BE54-9A1E7A4F7556}") = "TEdit5", "TEdit5\TEdit5.csproj", "{9C942195-8286-42C6-A682-ED297010193E}"
EndProject
Project("{9A19103F-16F7-4668-BE54-9A1E7A4F7556}") = "TEdit.Editor", "TEdit.Editor\TEdit.Editor.csproj", "{10D77A71-3445-4645-995F-A4032B407575}"
EndProject
Project("{9A19103F-16F7-4668-BE54-9A1E7A4F7556}") = "TEdit.Configuration.Tests", "TEdit.Configuration.Tests\TEdit.Configuration.Tests.csproj", "{F559A01F-8B12-4A6F-8992-D35258B83417}"
EndProject
Global
	GlobalSection(SolutionConfigurationPlatforms) = preSolution
		Debug|Any CPU = Debug|Any CPU
		Release|Any CPU = Release|Any CPU
	EndGlobalSection
	GlobalSection(ProjectConfigurationPlatforms) = postSolution
		{5B1378EE-D41E-40C4-9C2B-C5877039C85C}.Debug|Any CPU.ActiveCfg = Debug|Any CPU
		{5B1378EE-D41E-40C4-9C2B-C5877039C85C}.Debug|Any CPU.Build.0 = Debug|Any CPU
		{5B1378EE-D41E-40C4-9C2B-C5877039C85C}.Release|Any CPU.ActiveCfg = Release|Any CPU
		{5B1378EE-D41E-40C4-9C2B-C5877039C85C}.Release|Any CPU.Build.0 = Release|Any CPU
		{7F36653F-68C7-4D5C-A88A-6279DBE8A0C8}.Debug|Any CPU.ActiveCfg = Debug|x86
		{7F36653F-68C7-4D5C-A88A-6279DBE8A0C8}.Release|Any CPU.ActiveCfg = Release|Any CPU
		{DB15668D-151F-40C7-9F1A-682AD503F8D2}.Debug|Any CPU.ActiveCfg = Debug|Any CPU
		{DB15668D-151F-40C7-9F1A-682AD503F8D2}.Debug|Any CPU.Build.0 = Debug|Any CPU
		{DB15668D-151F-40C7-9F1A-682AD503F8D2}.Release|Any CPU.ActiveCfg = Release|Any CPU
		{DB15668D-151F-40C7-9F1A-682AD503F8D2}.Release|Any CPU.Build.0 = Release|Any CPU
		{C3C86CC2-E1E9-44DE-9E40-AD87B678833F}.Debug|Any CPU.ActiveCfg = Debug|Any CPU
		{C3C86CC2-E1E9-44DE-9E40-AD87B678833F}.Debug|Any CPU.Build.0 = Debug|Any CPU
		{C3C86CC2-E1E9-44DE-9E40-AD87B678833F}.Release|Any CPU.ActiveCfg = Release|Any CPU
		{C3C86CC2-E1E9-44DE-9E40-AD87B678833F}.Release|Any CPU.Build.0 = Release|Any CPU
		{C5BEF775-1CE6-41A5-96C1-49556EE45F22}.Debug|Any CPU.ActiveCfg = Debug|Any CPU
		{C5BEF775-1CE6-41A5-96C1-49556EE45F22}.Debug|Any CPU.Build.0 = Debug|Any CPU
		{C5BEF775-1CE6-41A5-96C1-49556EE45F22}.Release|Any CPU.ActiveCfg = Release|Any CPU
		{C5BEF775-1CE6-41A5-96C1-49556EE45F22}.Release|Any CPU.Build.0 = Release|Any CPU
		{4F7D8CE2-ABF8-4A15-ABA0-5A7B2E77FE1A}.Debug|Any CPU.ActiveCfg = Debug|Any CPU
		{4F7D8CE2-ABF8-4A15-ABA0-5A7B2E77FE1A}.Debug|Any CPU.Build.0 = Debug|Any CPU
		{4F7D8CE2-ABF8-4A15-ABA0-5A7B2E77FE1A}.Release|Any CPU.ActiveCfg = Release|Any CPU
		{4F7D8CE2-ABF8-4A15-ABA0-5A7B2E77FE1A}.Release|Any CPU.Build.0 = Release|Any CPU
		{9C942195-8286-42C6-A682-ED297010193E}.Debug|Any CPU.ActiveCfg = Debug|Any CPU
		{9C942195-8286-42C6-A682-ED297010193E}.Debug|Any CPU.Build.0 = Debug|Any CPU
		{9C942195-8286-42C6-A682-ED297010193E}.Release|Any CPU.ActiveCfg = Release|Any CPU
		{9C942195-8286-42C6-A682-ED297010193E}.Release|Any CPU.Build.0 = Release|Any CPU
		{10D77A71-3445-4645-995F-A4032B407575}.Debug|Any CPU.ActiveCfg = Debug|Any CPU
		{10D77A71-3445-4645-995F-A4032B407575}.Debug|Any CPU.Build.0 = Debug|Any CPU
		{10D77A71-3445-4645-995F-A4032B407575}.Release|Any CPU.ActiveCfg = Release|Any CPU
		{10D77A71-3445-4645-995F-A4032B407575}.Release|Any CPU.Build.0 = Release|Any CPU
		{F559A01F-8B12-4A6F-8992-D35258B83417}.Debug|Any CPU.ActiveCfg = Debug|Any CPU
		{F559A01F-8B12-4A6F-8992-D35258B83417}.Debug|Any CPU.Build.0 = Debug|Any CPU
		{F559A01F-8B12-4A6F-8992-D35258B83417}.Release|Any CPU.ActiveCfg = Release|Any CPU
		{F559A01F-8B12-4A6F-8992-D35258B83417}.Release|Any CPU.Build.0 = Release|Any CPU
	EndGlobalSection
	GlobalSection(SolutionProperties) = preSolution
		HideSolutionNode = FALSE
	EndGlobalSection
	GlobalSection(ExtensibilityGlobals) = postSolution
		RESX_SortFileContentOnSave = True
		RESX_PrefixTranslations = False
		SolutionGuid = {9CD90452-C706-4BBF-8C2E-6C2D1052531B}
	EndGlobalSection
	GlobalSection(TestCaseManagementSettings) = postSolution
		CategoryFile = TEdit.vsmdi
	EndGlobalSection
EndGlobal
