
Microsoft Visual Studio Solution File, Format Version 12.00
# Visual Studio Version 16
VisualStudioVersion = 16.0.30011.22
MinimumVisualStudioVersion = 10.0.40219.1
Project("{FAE04EC0-301F-11D3-BF4B-00C04F79EFBC}") = "TEdit", "TEdit\TEdit.csproj", "{5B1378EE-D41E-40C4-9C2B-C5877039C85C}"
EndProject
Global
	GlobalSection(SolutionConfigurationPlatforms) = preSolution
		Debug|Any CPU = Debug|Any CPU
		Release|Any CPU = Release|Any CPU
	EndGlobalSection
	GlobalSection(ProjectConfigurationPlatforms) = postSolution
		{62D9688B-DB6F-44A9-A4E9-FDF197642C00}.Debug|Any CPU.ActiveCfg = Debug|Any CPU
		{62D9688B-DB6F-44A9-A4E9-FDF197642C00}.Debug|Any CPU.Build.0 = Debug|Any CPU
		{62D9688B-DB6F-44A9-A4E9-FDF197642C00}.Debug|Any CPU.Deploy.0 = Debug|Any CPU
		{62D9688B-DB6F-44A9-A4E9-FDF197642C00}.Release|Any CPU.ActiveCfg = Release|Any CPU
		{62D9688B-DB6F-44A9-A4E9-FDF197642C00}.Release|Any CPU.Build.0 = Release|Any CPU
		{5B1378EE-D41E-40C4-9C2B-C5877039C85C}.Debug|Any CPU.ActiveCfg = Debug|Any CPU
		{5B1378EE-D41E-40C4-9C2B-C5877039C85C}.Debug|Any CPU.Build.0 = Debug|Any CPU
		{5B1378EE-D41E-40C4-9C2B-C5877039C85C}.Release|Any CPU.ActiveCfg = Release|Any CPU
		{5B1378EE-D41E-40C4-9C2B-C5877039C85C}.Release|Any CPU.Build.0 = Release|Any CPU
	EndGlobalSection
	GlobalSection(SolutionProperties) = preSolution
		HideSolutionNode = FALSE
	EndGlobalSection
	GlobalSection(ExtensibilityGlobals) = postSolution
		SolutionGuid = {9CD90452-C706-4BBF-8C2E-6C2D1052531B}
	EndGlobalSection
	GlobalSection(TestCaseManagementSettings) = postSolution
		CategoryFile = TEdit.vsmdi
	EndGlobalSection
EndGlobal
